Microsoft Visual Studio Solution File, Format Version 12.00
# Visual Studio 15
VisualStudioVersion = 15.0.28307.106
MinimumVisualStudioVersion = 10.0.40219.1
Project("{9A19103F-16F7-4668-BE54-9A1E7A4F7556}") = "Hmi_Next", "Hmi_Next.csproj", "{BF940FCA-7808-56CE-D97C-B8565C51FFCD}"
EndProject
Global
    GlobalSection(SolutionConfigurationPlatforms) = preSolution
        Debug|Any CPU = Debug|Any CPU
        Release|Any CPU = Release|Any CPU
    EndGlobalSection
    GlobalSection(ProjectConfigurationPlatforms) = postSolution
        {BF940FCA-7808-56CE-D97C-B8565C51FFCD}.Debug|Any CPU.ActiveCfg = Debug|Any CPU
        {BF940FCA-7808-56CE-D97C-B8565C51FFCD}.Debug|Any CPU.Build.0 = Debug|Any CPU
        {BF940FCA-7808-56CE-D97C-B8565C51FFCD}.Release|Any CPU.ActiveCfg = Release|Any CPU
        {BF940FCA-7808-56CE-D97C-B8565C51FFCD}.Release|Any CPU.Build.0 = Release|Any CPU
    EndGlobalSection
    GlobalSection(SolutionProperties) = preSolution
        HideSolutionNode = FALSE
    EndGlobalSection
EndGlobal
